
Microsoft Visual Studio Solution File, Format Version 12.00
# Visual Studio Version 16
VisualStudioVersion = 16.0.31729.503
MinimumVisualStudioVersion = 10.0.40219.1
Project("{FAE04EC0-301F-11D3-BF4B-00C04F79EFBC}") = "CRUDApp1", "CRUDApp1.csproj", "{338D5CFF-CD70-4843-B4AD-C7506CA486CF}"
EndProject
Global
	GlobalSection(SolutionConfigurationPlatforms) = preSolution
		Debug|Any CPU = Debug|Any CPU
		Release|Any CPU = Release|Any CPU
	EndGlobalSection
	GlobalSection(ProjectConfigurationPlatforms) = postSolution
		{338D5CFF-CD70-4843-B4AD-C7506CA486CF}.Debug|Any CPU.ActiveCfg = Debug|Any CPU
		{338D5CFF-CD70-4843-B4AD-C7506CA486CF}.Debug|Any CPU.Build.0 = Debug|Any CPU
		{338D5CFF-CD70-4843-B4AD-C7506CA486CF}.Release|Any CPU.ActiveCfg = Release|Any CPU
		{338D5CFF-CD70-4843-B4AD-C7506CA486CF}.Release|Any CPU.Build.0 = Release|Any CPU
	EndGlobalSection
	GlobalSection(SolutionProperties) = preSolution
		HideSolutionNode = FALSE
	EndGlobalSection
	GlobalSection(ExtensibilityGlobals) = postSolution
		SolutionGuid = {20D4EE6E-4007-4521-83B2-40CC7C4FE1C9}
	EndGlobalSection
EndGlobal
